// !$*UTF8*$!
{
	archiveVersion = 1;
	classes = {
	};
	objectVersion = 46;
	objects = {

/* Begin PBXBuildFile section */
		46388F601EA3AFEB00B2C4DC /* BinaryHeapTests.swift in Sources */ = {isa = PBXBuildFile; fileRef = 46388F5E1EA3AF3A00B2C4DC /* BinaryHeapTests.swift */; };
		46388F611EA3AFEF00B2C4DC /* HeapSortTests.swift in Sources */ = {isa = PBXBuildFile; fileRef = 46388F591EA3AF3A00B2C4DC /* HeapSortTests.swift */; };
		46388F621EA3AFEF00B2C4DC /* MergeSortTests.swift in Sources */ = {isa = PBXBuildFile; fileRef = 46388F5A1EA3AF3A00B2C4DC /* MergeSortTests.swift */; };
		46388F631EA3AFEF00B2C4DC /* ShellSortTests.swift in Sources */ = {isa = PBXBuildFile; fileRef = 46388F5B1EA3AF3A00B2C4DC /* ShellSortTests.swift */; };
		46388F641EA3AFEF00B2C4DC /* SortPerformance.swift in Sources */ = {isa = PBXBuildFile; fileRef = 46388F5C1EA3AF3A00B2C4DC /* SortPerformance.swift */; };
		46388F651EA3AFF200B2C4DC /* OrderCheckerTests.swift in Sources */ = {isa = PBXBuildFile; fileRef = 46388F571EA3AF3A00B2C4DC /* OrderCheckerTests.swift */; };
		OBJ_31 /* Reviro.framework in Frameworks */ = {isa = PBXBuildFile; fileRef = OBJ_15 /* Reviro.framework */; };
/* End PBXBuildFile section */

/* Begin PBXContainerItemProxy section */
		46388F4B1EA3A6A300B2C4DC /* PBXContainerItemProxy */ = {
			isa = PBXContainerItemProxy;
			containerPortal = OBJ_1 /* Project object */;
			proxyType = 1;
			remoteGlobalIDString = OBJ_17;
			remoteInfo = Reviro;
		};
/* End PBXContainerItemProxy section */

/* Begin PBXFileReference section */
		46388F571EA3AF3A00B2C4DC /* OrderCheckerTests.swift */ = {isa = PBXFileReference; lastKnownFileType = sourcecode.swift; path = OrderCheckerTests.swift; sourceTree = "<group>"; };
		46388F591EA3AF3A00B2C4DC /* HeapSortTests.swift */ = {isa = PBXFileReference; lastKnownFileType = sourcecode.swift; path = HeapSortTests.swift; sourceTree = "<group>"; };
		46388F5A1EA3AF3A00B2C4DC /* MergeSortTests.swift */ = {isa = PBXFileReference; lastKnownFileType = sourcecode.swift; path = MergeSortTests.swift; sourceTree = "<group>"; };
		46388F5B1EA3AF3A00B2C4DC /* ShellSortTests.swift */ = {isa = PBXFileReference; lastKnownFileType = sourcecode.swift; path = ShellSortTests.swift; sourceTree = "<group>"; };
		46388F5C1EA3AF3A00B2C4DC /* SortPerformance.swift */ = {isa = PBXFileReference; lastKnownFileType = sourcecode.swift; path = SortPerformance.swift; sourceTree = "<group>"; };
		46388F5E1EA3AF3A00B2C4DC /* BinaryHeapTests.swift */ = {isa = PBXFileReference; lastKnownFileType = sourcecode.swift; path = BinaryHeapTests.swift; sourceTree = "<group>"; };
		46388F7E1EA3C19600B2C4DC /* BinaryHeap.swift */ = {isa = PBXFileReference; lastKnownFileType = sourcecode.swift; path = BinaryHeap.swift; sourceTree = "<group>"; };
		46388F7F1EA3C19600B2C4DC /* HeapProtocol.swift */ = {isa = PBXFileReference; lastKnownFileType = sourcecode.swift; path = HeapProtocol.swift; sourceTree = "<group>"; };
		46388F811EA3C19600B2C4DC /* HeapSort.swift */ = {isa = PBXFileReference; lastKnownFileType = sourcecode.swift; path = HeapSort.swift; sourceTree = "<group>"; };
		46388F821EA3C19600B2C4DC /* MergeSort.swift */ = {isa = PBXFileReference; lastKnownFileType = sourcecode.swift; path = MergeSort.swift; sourceTree = "<group>"; };
		46388F831EA3C19600B2C4DC /* ShellSort.swift */ = {isa = PBXFileReference; lastKnownFileType = sourcecode.swift; path = ShellSort.swift; sourceTree = "<group>"; };
		46388F851EA3C19600B2C4DC /* OrderChecker.swift */ = {isa = PBXFileReference; lastKnownFileType = sourcecode.swift; path = OrderChecker.swift; sourceTree = "<group>"; };
		46388F861EA3C19600B2C4DC /* Random.swift */ = {isa = PBXFileReference; lastKnownFileType = sourcecode.swift; path = Random.swift; sourceTree = "<group>"; };
		OBJ_15 /* Reviro.framework */ = {isa = PBXFileReference; explicitFileType = wrapper.framework; path = Reviro.framework; sourceTree = BUILT_PRODUCTS_DIR; };
		OBJ_16 /* ReviroTests.xctest */ = {isa = PBXFileReference; explicitFileType = wrapper.cfbundle; path = ReviroTests.xctest; sourceTree = BUILT_PRODUCTS_DIR; };
		OBJ_6 /* Package.swift */ = {isa = PBXFileReference; explicitFileType = sourcecode.swift; path = Package.swift; sourceTree = "<group>"; };
/* End PBXFileReference section */

/* Begin PBXFrameworksBuildPhase section */
		OBJ_23 /* Frameworks */ = {
			isa = PBXFrameworksBuildPhase;
			buildActionMask = 0;
			files = (
			);
			runOnlyForDeploymentPostprocessing = 0;
		};
		OBJ_30 /* Frameworks */ = {
			isa = PBXFrameworksBuildPhase;
			buildActionMask = 0;
			files = (
				OBJ_31 /* Reviro.framework in Frameworks */,
			);
			runOnlyForDeploymentPostprocessing = 0;
		};
/* End PBXFrameworksBuildPhase section */

/* Begin PBXGroup section */
		46388F561EA3AF3A00B2C4DC /* Utility */ = {
			isa = PBXGroup;
			children = (
				46388F571EA3AF3A00B2C4DC /* OrderCheckerTests.swift */,
			);
			path = Utility;
			sourceTree = "<group>";
		};
		46388F581EA3AF3A00B2C4DC /* Sort */ = {
			isa = PBXGroup;
			children = (
				46388F591EA3AF3A00B2C4DC /* HeapSortTests.swift */,
				46388F5A1EA3AF3A00B2C4DC /* MergeSortTests.swift */,
				46388F5B1EA3AF3A00B2C4DC /* ShellSortTests.swift */,
				46388F5C1EA3AF3A00B2C4DC /* SortPerformance.swift */,
			);
			path = Sort;
			sourceTree = "<group>";
		};
		46388F5D1EA3AF3A00B2C4DC /* Heap */ = {
			isa = PBXGroup;
			children = (
				46388F5E1EA3AF3A00B2C4DC /* BinaryHeapTests.swift */,
			);
			path = Heap;
			sourceTree = "<group>";
		};
		46388F7C1EA3C19600B2C4DC /* Reviro */ = {
			isa = PBXGroup;
			children = (
				46388F7D1EA3C19600B2C4DC /* Heap */,
				46388F801EA3C19600B2C4DC /* Sort */,
				46388F841EA3C19600B2C4DC /* Utility */,
			);
			path = Reviro;
			sourceTree = "<group>";
		};
		46388F7D1EA3C19600B2C4DC /* Heap */ = {
			isa = PBXGroup;
			children = (
				46388F7E1EA3C19600B2C4DC /* BinaryHeap.swift */,
				46388F7F1EA3C19600B2C4DC /* HeapProtocol.swift */,
			);
			path = Heap;
			sourceTree = "<group>";
		};
		46388F801EA3C19600B2C4DC /* Sort */ = {
			isa = PBXGroup;
			children = (
				46388F811EA3C19600B2C4DC /* HeapSort.swift */,
				46388F821EA3C19600B2C4DC /* MergeSort.swift */,
				46388F831EA3C19600B2C4DC /* ShellSort.swift */,
			);
			path = Sort;
			sourceTree = "<group>";
		};
		46388F841EA3C19600B2C4DC /* Utility */ = {
			isa = PBXGroup;
			children = (
				46388F851EA3C19600B2C4DC /* OrderChecker.swift */,
				46388F861EA3C19600B2C4DC /* Random.swift */,
			);
			path = Utility;
			sourceTree = "<group>";
		};
		OBJ_10 /* ReviroTests */ = {
			isa = PBXGroup;
			children = (
				46388F561EA3AF3A00B2C4DC /* Utility */,
				46388F581EA3AF3A00B2C4DC /* Sort */,
				46388F5D1EA3AF3A00B2C4DC /* Heap */,
			);
			name = ReviroTests;
			path = Tests/ReviroTests;
			sourceTree = SOURCE_ROOT;
		};
		OBJ_14 /* Products */ = {
			isa = PBXGroup;
			children = (
				OBJ_15 /* Reviro.framework */,
				OBJ_16 /* ReviroTests.xctest */,
			);
			name = Products;
			sourceTree = BUILT_PRODUCTS_DIR;
		};
		OBJ_5 = {
			isa = PBXGroup;
			children = (
				OBJ_6 /* Package.swift */,
				OBJ_7 /* Sources */,
				OBJ_9 /* Tests */,
				OBJ_14 /* Products */,
			);
			sourceTree = "<group>";
		};
		OBJ_7 /* Sources */ = {
			isa = PBXGroup;
			children = (
				46388F7C1EA3C19600B2C4DC /* Reviro */,
			);
			path = Sources;
			sourceTree = SOURCE_ROOT;
		};
		OBJ_9 /* Tests */ = {
			isa = PBXGroup;
			children = (
				OBJ_10 /* ReviroTests */,
			);
			name = Tests;
			sourceTree = SOURCE_ROOT;
		};
/* End PBXGroup section */

/* Begin PBXNativeTarget section */
		OBJ_17 /* Reviro */ = {
			isa = PBXNativeTarget;
			buildConfigurationList = OBJ_18 /* Build configuration list for PBXNativeTarget "Reviro" */;
			buildPhases = (
				OBJ_21 /* Sources */,
				OBJ_23 /* Frameworks */,
			);
			buildRules = (
			);
			dependencies = (
			);
			name = Reviro;
			productName = Reviro;
			productReference = OBJ_15 /* Reviro.framework */;
			productType = "com.apple.product-type.framework";
		};
		OBJ_24 /* ReviroTests */ = {
			isa = PBXNativeTarget;
			buildConfigurationList = OBJ_25 /* Build configuration list for PBXNativeTarget "ReviroTests" */;
			buildPhases = (
				OBJ_28 /* Sources */,
				OBJ_30 /* Frameworks */,
			);
			buildRules = (
			);
			dependencies = (
				OBJ_32 /* PBXTargetDependency */,
			);
			name = ReviroTests;
			productName = ReviroTests;
			productReference = OBJ_16 /* ReviroTests.xctest */;
			productType = "com.apple.product-type.bundle.unit-test";
		};
/* End PBXNativeTarget section */

/* Begin PBXProject section */
		OBJ_1 /* Project object */ = {
			isa = PBXProject;
			attributes = {
				LastUpgradeCheck = 9999;
			};
			buildConfigurationList = OBJ_2 /* Build configuration list for PBXProject "Reviro" */;
			compatibilityVersion = "Xcode 3.2";
			developmentRegion = English;
			hasScannedForEncodings = 0;
			knownRegions = (
				en,
			);
			mainGroup = OBJ_5;
			productRefGroup = OBJ_14 /* Products */;
			projectDirPath = "";
			projectRoot = "";
			targets = (
				OBJ_17 /* Reviro */,
				OBJ_24 /* ReviroTests */,
			);
		};
/* End PBXProject section */

/* Begin PBXSourcesBuildPhase section */
		OBJ_21 /* Sources */ = {
			isa = PBXSourcesBuildPhase;
			buildActionMask = 0;
			files = (
			);
			runOnlyForDeploymentPostprocessing = 0;
		};
		OBJ_28 /* Sources */ = {
			isa = PBXSourcesBuildPhase;
			buildActionMask = 0;
			files = (
				46388F631EA3AFEF00B2C4DC /* ShellSortTests.swift in Sources */,
				46388F611EA3AFEF00B2C4DC /* HeapSortTests.swift in Sources */,
				46388F641EA3AFEF00B2C4DC /* SortPerformance.swift in Sources */,
				46388F651EA3AFF200B2C4DC /* OrderCheckerTests.swift in Sources */,
				46388F601EA3AFEB00B2C4DC /* BinaryHeapTests.swift in Sources */,
				46388F621EA3AFEF00B2C4DC /* MergeSortTests.swift in Sources */,
			);
			runOnlyForDeploymentPostprocessing = 0;
		};
/* End PBXSourcesBuildPhase section */

/* Begin PBXTargetDependency section */
		OBJ_32 /* PBXTargetDependency */ = {
			isa = PBXTargetDependency;
			target = OBJ_17 /* Reviro */;
			targetProxy = 46388F4B1EA3A6A300B2C4DC /* PBXContainerItemProxy */;
		};
/* End PBXTargetDependency section */

/* Begin XCBuildConfiguration section */
		OBJ_19 /* Debug */ = {
			isa = XCBuildConfiguration;
			buildSettings = {
				ENABLE_TESTABILITY = YES;
				FRAMEWORK_SEARCH_PATHS = (
					"$(inherited)",
					"$(PLATFORM_DIR)/Developer/Library/Frameworks",
				);
				HEADER_SEARCH_PATHS = "$(inherited)";
				INFOPLIST_FILE = Reviro.xcodeproj/Reviro_Info.plist;
				LD_RUNPATH_SEARCH_PATHS = "$(TOOLCHAIN_DIR)/usr/lib/swift/macosx";
				OTHER_LDFLAGS = "$(inherited)";
				OTHER_SWIFT_FLAGS = "$(inherited)";
				PRODUCT_BUNDLE_IDENTIFIER = Reviro;
				PRODUCT_MODULE_NAME = "$(TARGET_NAME:c99extidentifier)";
				PRODUCT_NAME = "$(TARGET_NAME:c99extidentifier)";
				SKIP_INSTALL = YES;
				TARGET_NAME = Reviro;
			};
			name = Debug;
		};
		OBJ_20 /* Release */ = {
			isa = XCBuildConfiguration;
			buildSettings = {
				ENABLE_TESTABILITY = YES;
				FRAMEWORK_SEARCH_PATHS = (
					"$(inherited)",
					"$(PLATFORM_DIR)/Developer/Library/Frameworks",
				);
				HEADER_SEARCH_PATHS = "$(inherited)";
				INFOPLIST_FILE = Reviro.xcodeproj/Reviro_Info.plist;
				LD_RUNPATH_SEARCH_PATHS = "$(TOOLCHAIN_DIR)/usr/lib/swift/macosx";
				OTHER_LDFLAGS = "$(inherited)";
				OTHER_SWIFT_FLAGS = "$(inherited)";
				PRODUCT_BUNDLE_IDENTIFIER = Reviro;
				PRODUCT_MODULE_NAME = "$(TARGET_NAME:c99extidentifier)";
				PRODUCT_NAME = "$(TARGET_NAME:c99extidentifier)";
				SKIP_INSTALL = YES;
				TARGET_NAME = Reviro;
			};
			name = Release;
		};
		OBJ_26 /* Debug */ = {
			isa = XCBuildConfiguration;
			buildSettings = {
				EMBEDDED_CONTENT_CONTAINS_SWIFT = YES;
				FRAMEWORK_SEARCH_PATHS = (
					"$(inherited)",
					"$(PLATFORM_DIR)/Developer/Library/Frameworks",
				);
				HEADER_SEARCH_PATHS = "$(inherited)";
				INFOPLIST_FILE = Reviro.xcodeproj/ReviroTests_Info.plist;
				LD_RUNPATH_SEARCH_PATHS = "@loader_path/../Frameworks @loader_path/Frameworks";
				OTHER_LDFLAGS = "$(inherited)";
				OTHER_SWIFT_FLAGS = "$(inherited)";
				TARGET_NAME = ReviroTests;
			};
			name = Debug;
		};
		OBJ_27 /* Release */ = {
			isa = XCBuildConfiguration;
			buildSettings = {
				EMBEDDED_CONTENT_CONTAINS_SWIFT = YES;
				FRAMEWORK_SEARCH_PATHS = (
					"$(inherited)",
					"$(PLATFORM_DIR)/Developer/Library/Frameworks",
				);
				HEADER_SEARCH_PATHS = "$(inherited)";
				INFOPLIST_FILE = Reviro.xcodeproj/ReviroTests_Info.plist;
				LD_RUNPATH_SEARCH_PATHS = "@loader_path/../Frameworks @loader_path/Frameworks";
				OTHER_LDFLAGS = "$(inherited)";
				OTHER_SWIFT_FLAGS = "$(inherited)";
				TARGET_NAME = ReviroTests;
			};
			name = Release;
		};
		OBJ_3 /* Debug */ = {
			isa = XCBuildConfiguration;
			buildSettings = {
				CLANG_ENABLE_OBJC_ARC = YES;
				COMBINE_HIDPI_IMAGES = YES;
				COPY_PHASE_STRIP = NO;
				DEBUG_INFORMATION_FORMAT = dwarf;
				DYLIB_INSTALL_NAME_BASE = "@rpath";
				ENABLE_NS_ASSERTIONS = YES;
				GCC_OPTIMIZATION_LEVEL = 0;
				MACOSX_DEPLOYMENT_TARGET = 10.10;
				ONLY_ACTIVE_ARCH = YES;
				OTHER_SWIFT_FLAGS = "-DXcode";
				PRODUCT_NAME = "$(TARGET_NAME)";
				SDKROOT = macosx;
				SUPPORTED_PLATFORMS = "macosx iphoneos iphonesimulator appletvos appletvsimulator watchos watchsimulator";
				SWIFT_ACTIVE_COMPILATION_CONDITIONS = SWIFT_PACKAGE;
				SWIFT_OPTIMIZATION_LEVEL = "-Onone";
				SWIFT_VERSION = 3.0;
				USE_HEADERMAP = NO;
			};
			name = Debug;
		};
		OBJ_4 /* Release */ = {
			isa = XCBuildConfiguration;
			buildSettings = {
				CLANG_ENABLE_OBJC_ARC = YES;
				COMBINE_HIDPI_IMAGES = YES;
				COPY_PHASE_STRIP = YES;
				DEBUG_INFORMATION_FORMAT = "dwarf-with-dsym";
				DYLIB_INSTALL_NAME_BASE = "@rpath";
				GCC_OPTIMIZATION_LEVEL = s;
				MACOSX_DEPLOYMENT_TARGET = 10.10;
				OTHER_SWIFT_FLAGS = "-DXcode";
				PRODUCT_NAME = "$(TARGET_NAME)";
				SDKROOT = macosx;
				SUPPORTED_PLATFORMS = "macosx iphoneos iphonesimulator appletvos appletvsimulator watchos watchsimulator";
				SWIFT_ACTIVE_COMPILATION_CONDITIONS = SWIFT_PACKAGE;
				SWIFT_OPTIMIZATION_LEVEL = "-Owholemodule";
				SWIFT_VERSION = 3.0;
				USE_HEADERMAP = NO;
			};
			name = Release;
		};
/* End XCBuildConfiguration section */

/* Begin XCConfigurationList section */
		OBJ_18 /* Build configuration list for PBXNativeTarget "Reviro" */ = {
			isa = XCConfigurationList;
			buildConfigurations = (
				OBJ_19 /* Debug */,
				OBJ_20 /* Release */,
			);
			defaultConfigurationIsVisible = 0;
			defaultConfigurationName = Debug;
		};
		OBJ_2 /* Build configuration list for PBXProject "Reviro" */ = {
			isa = XCConfigurationList;
			buildConfigurations = (
				OBJ_3 /* Debug */,
				OBJ_4 /* Release */,
			);
			defaultConfigurationIsVisible = 0;
			defaultConfigurationName = Debug;
		};
		OBJ_25 /* Build configuration list for PBXNativeTarget "ReviroTests" */ = {
			isa = XCConfigurationList;
			buildConfigurations = (
				OBJ_26 /* Debug */,
				OBJ_27 /* Release */,
			);
			defaultConfigurationIsVisible = 0;
			defaultConfigurationName = Debug;
		};
/* End XCConfigurationList section */
	};
	rootObject = OBJ_1 /* Project object */;
}
