// !$*UTF8*$!
{
	archiveVersion = 1;
	classes = {
	};
	objectVersion = 46;
	objects = {

/* Begin PBXBuildFile section */
		465654051EA7F3DC00B48F00 /* DequeueListTests.swift in Sources */ = {isa = PBXBuildFile; fileRef = 465654001EA7F2EB00B48F00 /* DequeueListTests.swift */; };
		465654061EA7F3E100B48F00 /* DequeueArray.swift in Sources */ = {isa = PBXBuildFile; fileRef = 465654021EA7F2F800B48F00 /* DequeueArray.swift */; };
		465654071EA7F3E100B48F00 /* DequeueList.swift in Sources */ = {isa = PBXBuildFile; fileRef = 465654031EA7F2F800B48F00 /* DequeueList.swift */; };
		465654081EA7F3E100B48F00 /* DequeueProtocol.swift in Sources */ = {isa = PBXBuildFile; fileRef = 465654041EA7F2F800B48F00 /* DequeueProtocol.swift */; };
		4656540A1EA7F41400B48F00 /* DequeueArrayTests.swift in Sources */ = {isa = PBXBuildFile; fileRef = 465654091EA7F41400B48F00 /* DequeueArrayTests.swift */; };
		4656540C1EA7F47600B48F00 /* DequeuePerformance.swift in Sources */ = {isa = PBXBuildFile; fileRef = 4656540B1EA7F47600B48F00 /* DequeuePerformance.swift */; };
		OBJ_43 /* BinaryHeap.swift in Sources */ = {isa = PBXBuildFile; fileRef = OBJ_10 /* BinaryHeap.swift */; };
		OBJ_44 /* HeapProtocol.swift in Sources */ = {isa = PBXBuildFile; fileRef = OBJ_11 /* HeapProtocol.swift */; };
		OBJ_47 /* HeapSort.swift in Sources */ = {isa = PBXBuildFile; fileRef = OBJ_16 /* HeapSort.swift */; };
		OBJ_48 /* MergeSort.swift in Sources */ = {isa = PBXBuildFile; fileRef = OBJ_17 /* MergeSort.swift */; };
		OBJ_49 /* ShellSort.swift in Sources */ = {isa = PBXBuildFile; fileRef = OBJ_18 /* ShellSort.swift */; };
		OBJ_50 /* OrderChecker.swift in Sources */ = {isa = PBXBuildFile; fileRef = OBJ_20 /* OrderChecker.swift */; };
		OBJ_51 /* Random.swift in Sources */ = {isa = PBXBuildFile; fileRef = OBJ_21 /* Random.swift */; };
		OBJ_58 /* BinaryHeapTests.swift in Sources */ = {isa = PBXBuildFile; fileRef = OBJ_25 /* BinaryHeapTests.swift */; };
		OBJ_60 /* HeapSortTests.swift in Sources */ = {isa = PBXBuildFile; fileRef = OBJ_29 /* HeapSortTests.swift */; };
		OBJ_61 /* MergeSortTests.swift in Sources */ = {isa = PBXBuildFile; fileRef = OBJ_30 /* MergeSortTests.swift */; };
		OBJ_62 /* ShellSortTests.swift in Sources */ = {isa = PBXBuildFile; fileRef = OBJ_31 /* ShellSortTests.swift */; };
		OBJ_63 /* SortPerformance.swift in Sources */ = {isa = PBXBuildFile; fileRef = OBJ_32 /* SortPerformance.swift */; };
		OBJ_64 /* OrderCheckerTests.swift in Sources */ = {isa = PBXBuildFile; fileRef = OBJ_34 /* OrderCheckerTests.swift */; };
		OBJ_66 /* Reviro.framework in Frameworks */ = {isa = PBXBuildFile; fileRef = OBJ_36 /* Reviro.framework */; };
/* End PBXBuildFile section */

/* Begin PBXContainerItemProxy section */
		46A679011EA547F300D5C334 /* PBXContainerItemProxy */ = {
			isa = PBXContainerItemProxy;
			containerPortal = OBJ_1 /* Project object */;
			proxyType = 1;
			remoteGlobalIDString = OBJ_38;
			remoteInfo = Reviro;
		};
/* End PBXContainerItemProxy section */

/* Begin PBXFileReference section */
		465654001EA7F2EB00B48F00 /* DequeueListTests.swift */ = {isa = PBXFileReference; lastKnownFileType = sourcecode.swift; path = DequeueListTests.swift; sourceTree = "<group>"; };
		465654021EA7F2F800B48F00 /* DequeueArray.swift */ = {isa = PBXFileReference; lastKnownFileType = sourcecode.swift; path = DequeueArray.swift; sourceTree = "<group>"; };
		465654031EA7F2F800B48F00 /* DequeueList.swift */ = {isa = PBXFileReference; lastKnownFileType = sourcecode.swift; path = DequeueList.swift; sourceTree = "<group>"; };
		465654041EA7F2F800B48F00 /* DequeueProtocol.swift */ = {isa = PBXFileReference; lastKnownFileType = sourcecode.swift; path = DequeueProtocol.swift; sourceTree = "<group>"; };
		465654091EA7F41400B48F00 /* DequeueArrayTests.swift */ = {isa = PBXFileReference; fileEncoding = 4; lastKnownFileType = sourcecode.swift; path = DequeueArrayTests.swift; sourceTree = "<group>"; };
		4656540B1EA7F47600B48F00 /* DequeuePerformance.swift */ = {isa = PBXFileReference; fileEncoding = 4; lastKnownFileType = sourcecode.swift; path = DequeuePerformance.swift; sourceTree = "<group>"; };
		OBJ_10 /* BinaryHeap.swift */ = {isa = PBXFileReference; lastKnownFileType = sourcecode.swift; path = BinaryHeap.swift; sourceTree = "<group>"; };
		OBJ_11 /* HeapProtocol.swift */ = {isa = PBXFileReference; lastKnownFileType = sourcecode.swift; path = HeapProtocol.swift; sourceTree = "<group>"; };
		OBJ_16 /* HeapSort.swift */ = {isa = PBXFileReference; lastKnownFileType = sourcecode.swift; path = HeapSort.swift; sourceTree = "<group>"; };
		OBJ_17 /* MergeSort.swift */ = {isa = PBXFileReference; lastKnownFileType = sourcecode.swift; path = MergeSort.swift; sourceTree = "<group>"; };
		OBJ_18 /* ShellSort.swift */ = {isa = PBXFileReference; lastKnownFileType = sourcecode.swift; path = ShellSort.swift; sourceTree = "<group>"; };
		OBJ_20 /* OrderChecker.swift */ = {isa = PBXFileReference; lastKnownFileType = sourcecode.swift; path = OrderChecker.swift; sourceTree = "<group>"; };
		OBJ_21 /* Random.swift */ = {isa = PBXFileReference; lastKnownFileType = sourcecode.swift; path = Random.swift; sourceTree = "<group>"; };
		OBJ_25 /* BinaryHeapTests.swift */ = {isa = PBXFileReference; lastKnownFileType = sourcecode.swift; path = BinaryHeapTests.swift; sourceTree = "<group>"; };
		OBJ_29 /* HeapSortTests.swift */ = {isa = PBXFileReference; lastKnownFileType = sourcecode.swift; path = HeapSortTests.swift; sourceTree = "<group>"; };
		OBJ_30 /* MergeSortTests.swift */ = {isa = PBXFileReference; lastKnownFileType = sourcecode.swift; path = MergeSortTests.swift; sourceTree = "<group>"; };
		OBJ_31 /* ShellSortTests.swift */ = {isa = PBXFileReference; lastKnownFileType = sourcecode.swift; path = ShellSortTests.swift; sourceTree = "<group>"; };
		OBJ_32 /* SortPerformance.swift */ = {isa = PBXFileReference; lastKnownFileType = sourcecode.swift; path = SortPerformance.swift; sourceTree = "<group>"; };
		OBJ_34 /* OrderCheckerTests.swift */ = {isa = PBXFileReference; lastKnownFileType = sourcecode.swift; path = OrderCheckerTests.swift; sourceTree = "<group>"; };
		OBJ_36 /* Reviro.framework */ = {isa = PBXFileReference; explicitFileType = wrapper.framework; path = Reviro.framework; sourceTree = BUILT_PRODUCTS_DIR; };
		OBJ_37 /* ReviroTests.xctest */ = {isa = PBXFileReference; lastKnownFileType = file; path = ReviroTests.xctest; sourceTree = BUILT_PRODUCTS_DIR; };
		OBJ_6 /* Package.swift */ = {isa = PBXFileReference; explicitFileType = sourcecode.swift; path = Package.swift; sourceTree = "<group>"; };
/* End PBXFileReference section */

/* Begin PBXFrameworksBuildPhase section */
		OBJ_52 /* Frameworks */ = {
			isa = PBXFrameworksBuildPhase;
			buildActionMask = 0;
			files = (
			);
			runOnlyForDeploymentPostprocessing = 0;
		};
		OBJ_65 /* Frameworks */ = {
			isa = PBXFrameworksBuildPhase;
			buildActionMask = 0;
			files = (
				OBJ_66 /* Reviro.framework in Frameworks */,
			);
			runOnlyForDeploymentPostprocessing = 0;
		};
/* End PBXFrameworksBuildPhase section */

/* Begin PBXGroup section */
		465653FF1EA7F2EB00B48F00 /* Dequeue */ = {
			isa = PBXGroup;
			children = (
				465654001EA7F2EB00B48F00 /* DequeueListTests.swift */,
				465654091EA7F41400B48F00 /* DequeueArrayTests.swift */,
				4656540B1EA7F47600B48F00 /* DequeuePerformance.swift */,
			);
			path = Dequeue;
			sourceTree = "<group>";
		};
		465654011EA7F2F800B48F00 /* Dequeue */ = {
			isa = PBXGroup;
			children = (
				465654021EA7F2F800B48F00 /* DequeueArray.swift */,
				465654031EA7F2F800B48F00 /* DequeueList.swift */,
				465654041EA7F2F800B48F00 /* DequeueProtocol.swift */,
			);
			path = Dequeue;
			sourceTree = "<group>";
		};
		OBJ_15 /* Sort */ = {
			isa = PBXGroup;
			children = (
				OBJ_16 /* HeapSort.swift */,
				OBJ_17 /* MergeSort.swift */,
				OBJ_18 /* ShellSort.swift */,
			);
			path = Sort;
			sourceTree = "<group>";
		};
		OBJ_19 /* Utility */ = {
			isa = PBXGroup;
			children = (
				OBJ_20 /* OrderChecker.swift */,
				OBJ_21 /* Random.swift */,
			);
			path = Utility;
			sourceTree = "<group>";
		};
		OBJ_22 /* Tests */ = {
			isa = PBXGroup;
			children = (
				OBJ_23 /* ReviroTests */,
			);
			name = Tests;
			sourceTree = SOURCE_ROOT;
		};
		OBJ_23 /* ReviroTests */ = {
			isa = PBXGroup;
			children = (
				465653FF1EA7F2EB00B48F00 /* Dequeue */,
				OBJ_24 /* Heap */,
				OBJ_28 /* Sort */,
				OBJ_33 /* Utility */,
			);
			name = ReviroTests;
			path = Tests/ReviroTests;
			sourceTree = SOURCE_ROOT;
		};
		OBJ_24 /* Heap */ = {
			isa = PBXGroup;
			children = (
				OBJ_25 /* BinaryHeapTests.swift */,
			);
			path = Heap;
			sourceTree = "<group>";
		};
		OBJ_28 /* Sort */ = {
			isa = PBXGroup;
			children = (
				OBJ_29 /* HeapSortTests.swift */,
				OBJ_30 /* MergeSortTests.swift */,
				OBJ_31 /* ShellSortTests.swift */,
				OBJ_32 /* SortPerformance.swift */,
			);
			path = Sort;
			sourceTree = "<group>";
		};
		OBJ_33 /* Utility */ = {
			isa = PBXGroup;
			children = (
				OBJ_34 /* OrderCheckerTests.swift */,
			);
			path = Utility;
			sourceTree = "<group>";
		};
		OBJ_35 /* Products */ = {
			isa = PBXGroup;
			children = (
				OBJ_36 /* Reviro.framework */,
				OBJ_37 /* ReviroTests.xctest */,
			);
			name = Products;
			sourceTree = BUILT_PRODUCTS_DIR;
		};
		OBJ_5 = {
			isa = PBXGroup;
			children = (
				OBJ_6 /* Package.swift */,
				OBJ_7 /* Sources */,
				OBJ_22 /* Tests */,
				OBJ_35 /* Products */,
			);
			sourceTree = "<group>";
		};
		OBJ_7 /* Sources */ = {
			isa = PBXGroup;
			children = (
				OBJ_8 /* Reviro */,
			);
			name = Sources;
			sourceTree = SOURCE_ROOT;
		};
		OBJ_8 /* Reviro */ = {
			isa = PBXGroup;
			children = (
				465654011EA7F2F800B48F00 /* Dequeue */,
				OBJ_9 /* Heap */,
				OBJ_15 /* Sort */,
				OBJ_19 /* Utility */,
			);
			name = Reviro;
			path = Sources/Reviro;
			sourceTree = SOURCE_ROOT;
		};
		OBJ_9 /* Heap */ = {
			isa = PBXGroup;
			children = (
				OBJ_10 /* BinaryHeap.swift */,
				OBJ_11 /* HeapProtocol.swift */,
			);
			path = Heap;
			sourceTree = "<group>";
		};
/* End PBXGroup section */

/* Begin PBXNativeTarget section */
		OBJ_38 /* Reviro */ = {
			isa = PBXNativeTarget;
			buildConfigurationList = OBJ_39 /* Build configuration list for PBXNativeTarget "Reviro" */;
			buildPhases = (
				OBJ_42 /* Sources */,
				OBJ_52 /* Frameworks */,
			);
			buildRules = (
			);
			dependencies = (
			);
			name = Reviro;
			productName = Reviro;
			productReference = OBJ_36 /* Reviro.framework */;
			productType = "com.apple.product-type.framework";
		};
		OBJ_53 /* ReviroTests */ = {
			isa = PBXNativeTarget;
			buildConfigurationList = OBJ_54 /* Build configuration list for PBXNativeTarget "ReviroTests" */;
			buildPhases = (
				OBJ_57 /* Sources */,
				OBJ_65 /* Frameworks */,
			);
			buildRules = (
			);
			dependencies = (
				OBJ_67 /* PBXTargetDependency */,
			);
			name = ReviroTests;
			productName = ReviroTests;
			productReference = OBJ_37 /* ReviroTests.xctest */;
			productType = "com.apple.product-type.bundle.unit-test";
		};
/* End PBXNativeTarget section */

/* Begin PBXProject section */
		OBJ_1 /* Project object */ = {
			isa = PBXProject;
			attributes = {
				LastUpgradeCheck = 9999;
			};
			buildConfigurationList = OBJ_2 /* Build configuration list for PBXProject "Reviro" */;
			compatibilityVersion = "Xcode 3.2";
			developmentRegion = English;
			hasScannedForEncodings = 0;
			knownRegions = (
				en,
			);
			mainGroup = OBJ_5;
			productRefGroup = OBJ_35 /* Products */;
			projectDirPath = "";
			projectRoot = "";
			targets = (
				OBJ_38 /* Reviro */,
				OBJ_53 /* ReviroTests */,
			);
		};
/* End PBXProject section */

/* Begin PBXSourcesBuildPhase section */
		OBJ_42 /* Sources */ = {
			isa = PBXSourcesBuildPhase;
			buildActionMask = 0;
			files = (
				OBJ_43 /* BinaryHeap.swift in Sources */,
				OBJ_44 /* HeapProtocol.swift in Sources */,
				465654071EA7F3E100B48F00 /* DequeueList.swift in Sources */,
				465654061EA7F3E100B48F00 /* DequeueArray.swift in Sources */,
				OBJ_47 /* HeapSort.swift in Sources */,
				OBJ_48 /* MergeSort.swift in Sources */,
				465654081EA7F3E100B48F00 /* DequeueProtocol.swift in Sources */,
				OBJ_49 /* ShellSort.swift in Sources */,
				OBJ_50 /* OrderChecker.swift in Sources */,
				OBJ_51 /* Random.swift in Sources */,
			);
			runOnlyForDeploymentPostprocessing = 0;
		};
		OBJ_57 /* Sources */ = {
			isa = PBXSourcesBuildPhase;
			buildActionMask = 0;
			files = (
				OBJ_58 /* BinaryHeapTests.swift in Sources */,
				OBJ_60 /* HeapSortTests.swift in Sources */,
				4656540A1EA7F41400B48F00 /* DequeueArrayTests.swift in Sources */,
				465654051EA7F3DC00B48F00 /* DequeueListTests.swift in Sources */,
				OBJ_61 /* MergeSortTests.swift in Sources */,
				OBJ_62 /* ShellSortTests.swift in Sources */,
				4656540C1EA7F47600B48F00 /* DequeuePerformance.swift in Sources */,
				OBJ_63 /* SortPerformance.swift in Sources */,
				OBJ_64 /* OrderCheckerTests.swift in Sources */,
			);
			runOnlyForDeploymentPostprocessing = 0;
		};
/* End PBXSourcesBuildPhase section */

/* Begin PBXTargetDependency section */
		OBJ_67 /* PBXTargetDependency */ = {
			isa = PBXTargetDependency;
			target = OBJ_38 /* Reviro */;
			targetProxy = 46A679011EA547F300D5C334 /* PBXContainerItemProxy */;
		};
/* End PBXTargetDependency section */

/* Begin XCBuildConfiguration section */
		OBJ_3 /* Debug */ = {
			isa = XCBuildConfiguration;
			buildSettings = {
				CLANG_ENABLE_OBJC_ARC = YES;
				COMBINE_HIDPI_IMAGES = YES;
				COPY_PHASE_STRIP = NO;
				DEBUG_INFORMATION_FORMAT = dwarf;
				DYLIB_INSTALL_NAME_BASE = "@rpath";
				ENABLE_NS_ASSERTIONS = YES;
				GCC_OPTIMIZATION_LEVEL = 0;
				MACOSX_DEPLOYMENT_TARGET = 10.10;
				ONLY_ACTIVE_ARCH = YES;
				OTHER_SWIFT_FLAGS = "-DXcode";
				PRODUCT_NAME = "$(TARGET_NAME)";
				SDKROOT = macosx;
				SUPPORTED_PLATFORMS = "macosx iphoneos iphonesimulator appletvos appletvsimulator watchos watchsimulator";
				SWIFT_ACTIVE_COMPILATION_CONDITIONS = SWIFT_PACKAGE;
				SWIFT_OPTIMIZATION_LEVEL = "-Onone";
				SWIFT_VERSION = 3.0;
				USE_HEADERMAP = NO;
			};
			name = Debug;
		};
		OBJ_4 /* Release */ = {
			isa = XCBuildConfiguration;
			buildSettings = {
				CLANG_ENABLE_OBJC_ARC = YES;
				COMBINE_HIDPI_IMAGES = YES;
				COPY_PHASE_STRIP = YES;
				DEBUG_INFORMATION_FORMAT = "dwarf-with-dsym";
				DYLIB_INSTALL_NAME_BASE = "@rpath";
				GCC_OPTIMIZATION_LEVEL = s;
				MACOSX_DEPLOYMENT_TARGET = 10.10;
				OTHER_SWIFT_FLAGS = "-DXcode";
				PRODUCT_NAME = "$(TARGET_NAME)";
				SDKROOT = macosx;
				SUPPORTED_PLATFORMS = "macosx iphoneos iphonesimulator appletvos appletvsimulator watchos watchsimulator";
				SWIFT_ACTIVE_COMPILATION_CONDITIONS = SWIFT_PACKAGE;
				SWIFT_OPTIMIZATION_LEVEL = "-Owholemodule";
				SWIFT_VERSION = 3.0;
				USE_HEADERMAP = NO;
			};
			name = Release;
		};
		OBJ_40 /* Debug */ = {
			isa = XCBuildConfiguration;
			buildSettings = {
				ENABLE_TESTABILITY = YES;
				FRAMEWORK_SEARCH_PATHS = (
					"$(inherited)",
					"$(PLATFORM_DIR)/Developer/Library/Frameworks",
				);
				HEADER_SEARCH_PATHS = "$(inherited)";
				INFOPLIST_FILE = Reviro.xcodeproj/Reviro_Info.plist;
				LD_RUNPATH_SEARCH_PATHS = "$(TOOLCHAIN_DIR)/usr/lib/swift/macosx";
				OTHER_LDFLAGS = "$(inherited)";
				OTHER_SWIFT_FLAGS = "$(inherited)";
				PRODUCT_BUNDLE_IDENTIFIER = Reviro;
				PRODUCT_MODULE_NAME = "$(TARGET_NAME:c99extidentifier)";
				PRODUCT_NAME = "$(TARGET_NAME:c99extidentifier)";
				SKIP_INSTALL = YES;
				TARGET_NAME = Reviro;
			};
			name = Debug;
		};
		OBJ_41 /* Release */ = {
			isa = XCBuildConfiguration;
			buildSettings = {
				ENABLE_TESTABILITY = YES;
				FRAMEWORK_SEARCH_PATHS = (
					"$(inherited)",
					"$(PLATFORM_DIR)/Developer/Library/Frameworks",
				);
				HEADER_SEARCH_PATHS = "$(inherited)";
				INFOPLIST_FILE = Reviro.xcodeproj/Reviro_Info.plist;
				LD_RUNPATH_SEARCH_PATHS = "$(TOOLCHAIN_DIR)/usr/lib/swift/macosx";
				OTHER_LDFLAGS = "$(inherited)";
				OTHER_SWIFT_FLAGS = "$(inherited)";
				PRODUCT_BUNDLE_IDENTIFIER = Reviro;
				PRODUCT_MODULE_NAME = "$(TARGET_NAME:c99extidentifier)";
				PRODUCT_NAME = "$(TARGET_NAME:c99extidentifier)";
				SKIP_INSTALL = YES;
				TARGET_NAME = Reviro;
			};
			name = Release;
		};
		OBJ_55 /* Debug */ = {
			isa = XCBuildConfiguration;
			buildSettings = {
				EMBEDDED_CONTENT_CONTAINS_SWIFT = YES;
				FRAMEWORK_SEARCH_PATHS = (
					"$(inherited)",
					"$(PLATFORM_DIR)/Developer/Library/Frameworks",
				);
				HEADER_SEARCH_PATHS = "$(inherited)";
				INFOPLIST_FILE = Reviro.xcodeproj/ReviroTests_Info.plist;
				LD_RUNPATH_SEARCH_PATHS = "@loader_path/../Frameworks @loader_path/Frameworks";
				OTHER_LDFLAGS = "$(inherited)";
				OTHER_SWIFT_FLAGS = "$(inherited)";
				TARGET_NAME = ReviroTests;
			};
			name = Debug;
		};
		OBJ_56 /* Release */ = {
			isa = XCBuildConfiguration;
			buildSettings = {
				EMBEDDED_CONTENT_CONTAINS_SWIFT = YES;
				FRAMEWORK_SEARCH_PATHS = (
					"$(inherited)",
					"$(PLATFORM_DIR)/Developer/Library/Frameworks",
				);
				HEADER_SEARCH_PATHS = "$(inherited)";
				INFOPLIST_FILE = Reviro.xcodeproj/ReviroTests_Info.plist;
				LD_RUNPATH_SEARCH_PATHS = "@loader_path/../Frameworks @loader_path/Frameworks";
				OTHER_LDFLAGS = "$(inherited)";
				OTHER_SWIFT_FLAGS = "$(inherited)";
				TARGET_NAME = ReviroTests;
			};
			name = Release;
		};
/* End XCBuildConfiguration section */

/* Begin XCConfigurationList section */
		OBJ_2 /* Build configuration list for PBXProject "Reviro" */ = {
			isa = XCConfigurationList;
			buildConfigurations = (
				OBJ_3 /* Debug */,
				OBJ_4 /* Release */,
			);
			defaultConfigurationIsVisible = 0;
			defaultConfigurationName = Debug;
		};
		OBJ_39 /* Build configuration list for PBXNativeTarget "Reviro" */ = {
			isa = XCConfigurationList;
			buildConfigurations = (
				OBJ_40 /* Debug */,
				OBJ_41 /* Release */,
			);
			defaultConfigurationIsVisible = 0;
			defaultConfigurationName = Debug;
		};
		OBJ_54 /* Build configuration list for PBXNativeTarget "ReviroTests" */ = {
			isa = XCConfigurationList;
			buildConfigurations = (
				OBJ_55 /* Debug */,
				OBJ_56 /* Release */,
			);
			defaultConfigurationIsVisible = 0;
			defaultConfigurationName = Debug;
		};
/* End XCConfigurationList section */
	};
	rootObject = OBJ_1 /* Project object */;
}
